
Microsoft Visual Studio Solution File, Format Version 12.00
# Visual Studio Version 16
VisualStudioVersion = 16.0.31005.135
MinimumVisualStudioVersion = 10.0.40219.1
Project("{FAE04EC0-301F-11D3-BF4B-00C04F79EFBC}") = "WebStore", "WebStore\WebStore.csproj", "{0B1A734F-35D6-40B2-860A-5EC49F72892D}"
EndProject
Global
	GlobalSection(SolutionConfigurationPlatforms) = preSolution
		Debug|Any CPU = Debug|Any CPU
		Release|Any CPU = Release|Any CPU
	EndGlobalSection
	GlobalSection(ProjectConfigurationPlatforms) = postSolution
		{0B1A734F-35D6-40B2-860A-5EC49F72892D}.Debug|Any CPU.ActiveCfg = Debug|Any CPU
		{0B1A734F-35D6-40B2-860A-5EC49F72892D}.Debug|Any CPU.Build.0 = Debug|Any CPU
		{0B1A734F-35D6-40B2-860A-5EC49F72892D}.Release|Any CPU.ActiveCfg = Release|Any CPU
		{0B1A734F-35D6-40B2-860A-5EC49F72892D}.Release|Any CPU.Build.0 = Release|Any CPU
	EndGlobalSection
	GlobalSection(SolutionProperties) = preSolution
		HideSolutionNode = FALSE
	EndGlobalSection
	GlobalSection(ExtensibilityGlobals) = postSolution
		SolutionGuid = {2BD93DA2-2425-4965-B573-F19EA2FF2D42}
	EndGlobalSection
EndGlobal
